
Microsoft Visual Studio Solution File, Format Version 12.00
# Visual Studio Version 17
VisualStudioVersion = 17.0.31903.59
MinimumVisualStudioVersion = 10.0.40219.1
Project("{2150E333-8FDC-42A3-9474-1A3956D46DE8}") = "study", "study", "{AD3D26B3-9E1E-45B2-845C-EC815931252F}"
EndProject
Project("{FAE04EC0-301F-11D3-BF4B-00C04F79EFBC}") = "Nemonuri.Study.CSharpSyntaxRewriter1", "study\Nemonuri.Study.CSharpSyntaxRewriter1\Nemonuri.Study.CSharpSyntaxRewriter1.csproj", "{E9804CBA-2DDF-4B33-B8E4-F1C638CE84B9}"
EndProject
Project("{2150E333-8FDC-42A3-9474-1A3956D46DE8}") = "tool", "tool", "{2B62B090-0B14-4FF1-981A-00EDEB5B5669}"
EndProject
Project("{FAE04EC0-301F-11D3-BF4B-00C04F79EFBC}") = "Nemonuri.RoslynQuoters", "tool\Nemonuri.RoslynQuoters\Nemonuri.RoslynQuoters.csproj", "{21446A70-8B1E-4C82-86D2-A8B7B8F99FEA}"
EndProject
Global
	GlobalSection(SolutionConfigurationPlatforms) = preSolution
		Debug|Any CPU = Debug|Any CPU
		Release|Any CPU = Release|Any CPU
	EndGlobalSection
	GlobalSection(SolutionProperties) = preSolution
		HideSolutionNode = FALSE
	EndGlobalSection
	GlobalSection(ProjectConfigurationPlatforms) = postSolution
		{E9804CBA-2DDF-4B33-B8E4-F1C638CE84B9}.Debug|Any CPU.ActiveCfg = Debug|Any CPU
		{E9804CBA-2DDF-4B33-B8E4-F1C638CE84B9}.Debug|Any CPU.Build.0 = Debug|Any CPU
		{E9804CBA-2DDF-4B33-B8E4-F1C638CE84B9}.Release|Any CPU.ActiveCfg = Release|Any CPU
		{E9804CBA-2DDF-4B33-B8E4-F1C638CE84B9}.Release|Any CPU.Build.0 = Release|Any CPU
		{21446A70-8B1E-4C82-86D2-A8B7B8F99FEA}.Debug|Any CPU.ActiveCfg = Debug|Any CPU
		{21446A70-8B1E-4C82-86D2-A8B7B8F99FEA}.Debug|Any CPU.Build.0 = Debug|Any CPU
		{21446A70-8B1E-4C82-86D2-A8B7B8F99FEA}.Release|Any CPU.ActiveCfg = Release|Any CPU
		{21446A70-8B1E-4C82-86D2-A8B7B8F99FEA}.Release|Any CPU.Build.0 = Release|Any CPU
	EndGlobalSection
	GlobalSection(NestedProjects) = preSolution
		{E9804CBA-2DDF-4B33-B8E4-F1C638CE84B9} = {AD3D26B3-9E1E-45B2-845C-EC815931252F}
		{21446A70-8B1E-4C82-86D2-A8B7B8F99FEA} = {2B62B090-0B14-4FF1-981A-00EDEB5B5669}
	EndGlobalSection
EndGlobal
