
Microsoft Visual Studio Solution File, Format Version 12.00
# Visual Studio Version 17
VisualStudioVersion = 17.0.31903.59
MinimumVisualStudioVersion = 10.0.40219.1
Project("{2150E333-8FDC-42A3-9474-1A3956D46DE8}") = "study", "study", "{AD3D26B3-9E1E-45B2-845C-EC815931252F}"
EndProject
Project("{2150E333-8FDC-42A3-9474-1A3956D46DE8}") = "tool", "tool", "{2B62B090-0B14-4FF1-981A-00EDEB5B5669}"
EndProject
Project("{2150E333-8FDC-42A3-9474-1A3956D46DE8}") = "library", "library", "{9EFC75CE-49CF-41D7-9E57-92E005AEA48E}"
EndProject
Project("{2150E333-8FDC-42A3-9474-1A3956D46DE8}") = "test", "test", "{82E7D19B-8295-4522-8BED-576386D4461D}"
EndProject
Project("{2150E333-8FDC-42A3-9474-1A3956D46DE8}") = "sample", "sample", "{8EF7B7FF-1B96-42B0-976D-078C3127B3D4}"
EndProject
Project("{FAE04EC0-301F-11D3-BF4B-00C04F79EFBC}") = "Nemonuri.Study.CSharpAICommentor1", "study\Nemonuri.Study.CSharpAICommentor1\Nemonuri.Study.CSharpAICommentor1.csproj", "{40107F85-DF24-439E-BFF1-756FB24FDCB6}"
EndProject
Project("{FAE04EC0-301F-11D3-BF4B-00C04F79EFBC}") = "Nemonuri.Study.CSharpAICommentor.Core", "library\Nemonuri.Study.CSharpAICommentor.Core\Nemonuri.Study.CSharpAICommentor.Core.csproj", "{46BB9562-C4D3-4E78-8CD5-E29C769832A4}"
EndProject
Project("{FAE04EC0-301F-11D3-BF4B-00C04F79EFBC}") = "Nemonuri.Study.CSharpAICommentor.Core.UnitTests", "test\Nemonuri.Study.CSharpAICommentor.Core.UnitTests\Nemonuri.Study.CSharpAICommentor.Core.UnitTests.csproj", "{62819058-422F-412D-BDF5-DE4789180618}"
EndProject
Global
	GlobalSection(SolutionConfigurationPlatforms) = preSolution
		Debug|Any CPU = Debug|Any CPU
		Debug|x64 = Debug|x64
		Debug|x86 = Debug|x86
		Release|Any CPU = Release|Any CPU
		Release|x64 = Release|x64
		Release|x86 = Release|x86
	EndGlobalSection
	GlobalSection(ProjectConfigurationPlatforms) = postSolution
		{40107F85-DF24-439E-BFF1-756FB24FDCB6}.Debug|Any CPU.ActiveCfg = Debug|Any CPU
		{40107F85-DF24-439E-BFF1-756FB24FDCB6}.Debug|Any CPU.Build.0 = Debug|Any CPU
		{40107F85-DF24-439E-BFF1-756FB24FDCB6}.Debug|x64.ActiveCfg = Debug|Any CPU
		{40107F85-DF24-439E-BFF1-756FB24FDCB6}.Debug|x64.Build.0 = Debug|Any CPU
		{40107F85-DF24-439E-BFF1-756FB24FDCB6}.Debug|x86.ActiveCfg = Debug|Any CPU
		{40107F85-DF24-439E-BFF1-756FB24FDCB6}.Debug|x86.Build.0 = Debug|Any CPU
		{40107F85-DF24-439E-BFF1-756FB24FDCB6}.Release|Any CPU.ActiveCfg = Release|Any CPU
		{40107F85-DF24-439E-BFF1-756FB24FDCB6}.Release|Any CPU.Build.0 = Release|Any CPU
		{40107F85-DF24-439E-BFF1-756FB24FDCB6}.Release|x64.ActiveCfg = Release|Any CPU
		{40107F85-DF24-439E-BFF1-756FB24FDCB6}.Release|x64.Build.0 = Release|Any CPU
		{40107F85-DF24-439E-BFF1-756FB24FDCB6}.Release|x86.ActiveCfg = Release|Any CPU
		{40107F85-DF24-439E-BFF1-756FB24FDCB6}.Release|x86.Build.0 = Release|Any CPU
		{46BB9562-C4D3-4E78-8CD5-E29C769832A4}.Debug|Any CPU.ActiveCfg = Debug|Any CPU
		{46BB9562-C4D3-4E78-8CD5-E29C769832A4}.Debug|Any CPU.Build.0 = Debug|Any CPU
		{46BB9562-C4D3-4E78-8CD5-E29C769832A4}.Debug|x64.ActiveCfg = Debug|Any CPU
		{46BB9562-C4D3-4E78-8CD5-E29C769832A4}.Debug|x64.Build.0 = Debug|Any CPU
		{46BB9562-C4D3-4E78-8CD5-E29C769832A4}.Debug|x86.ActiveCfg = Debug|Any CPU
		{46BB9562-C4D3-4E78-8CD5-E29C769832A4}.Debug|x86.Build.0 = Debug|Any CPU
		{46BB9562-C4D3-4E78-8CD5-E29C769832A4}.Release|Any CPU.ActiveCfg = Release|Any CPU
		{46BB9562-C4D3-4E78-8CD5-E29C769832A4}.Release|Any CPU.Build.0 = Release|Any CPU
		{46BB9562-C4D3-4E78-8CD5-E29C769832A4}.Release|x64.ActiveCfg = Release|Any CPU
		{46BB9562-C4D3-4E78-8CD5-E29C769832A4}.Release|x64.Build.0 = Release|Any CPU
		{46BB9562-C4D3-4E78-8CD5-E29C769832A4}.Release|x86.ActiveCfg = Release|Any CPU
		{46BB9562-C4D3-4E78-8CD5-E29C769832A4}.Release|x86.Build.0 = Release|Any CPU
		{62819058-422F-412D-BDF5-DE4789180618}.Debug|Any CPU.ActiveCfg = Debug|Any CPU
		{62819058-422F-412D-BDF5-DE4789180618}.Debug|Any CPU.Build.0 = Debug|Any CPU
		{62819058-422F-412D-BDF5-DE4789180618}.Debug|x64.ActiveCfg = Debug|Any CPU
		{62819058-422F-412D-BDF5-DE4789180618}.Debug|x64.Build.0 = Debug|Any CPU
		{62819058-422F-412D-BDF5-DE4789180618}.Debug|x86.ActiveCfg = Debug|Any CPU
		{62819058-422F-412D-BDF5-DE4789180618}.Debug|x86.Build.0 = Debug|Any CPU
		{62819058-422F-412D-BDF5-DE4789180618}.Release|Any CPU.ActiveCfg = Release|Any CPU
		{62819058-422F-412D-BDF5-DE4789180618}.Release|Any CPU.Build.0 = Release|Any CPU
		{62819058-422F-412D-BDF5-DE4789180618}.Release|x64.ActiveCfg = Release|Any CPU
		{62819058-422F-412D-BDF5-DE4789180618}.Release|x64.Build.0 = Release|Any CPU
		{62819058-422F-412D-BDF5-DE4789180618}.Release|x86.ActiveCfg = Release|Any CPU
		{62819058-422F-412D-BDF5-DE4789180618}.Release|x86.Build.0 = Release|Any CPU
	EndGlobalSection
	GlobalSection(SolutionProperties) = preSolution
		HideSolutionNode = FALSE
	EndGlobalSection
	GlobalSection(NestedProjects) = preSolution
		{40107F85-DF24-439E-BFF1-756FB24FDCB6} = {AD3D26B3-9E1E-45B2-845C-EC815931252F}
		{46BB9562-C4D3-4E78-8CD5-E29C769832A4} = {9EFC75CE-49CF-41D7-9E57-92E005AEA48E}
		{62819058-422F-412D-BDF5-DE4789180618} = {82E7D19B-8295-4522-8BED-576386D4461D}
	EndGlobalSection
EndGlobal
